
Microsoft Visual Studio Solution File, Format Version 12.00
# Visual Studio 15
VisualStudioVersion = 15.0.27703.2047
MinimumVisualStudioVersion = 10.0.40219.1
Project("{FAE04EC0-301F-11D3-BF4B-00C04F79EFBC}") = "Bank", "Bank\Bank.csproj", "{DF6816B4-8D69-40C0-9F58-493B72BD971B}"
EndProject
Global
	GlobalSection(SolutionConfigurationPlatforms) = preSolution
		Debug|Any CPU = Debug|Any CPU
		Release|Any CPU = Release|Any CPU
	EndGlobalSection
	GlobalSection(ProjectConfigurationPlatforms) = postSolution
		{DF6816B4-8D69-40C0-9F58-493B72BD971B}.Debug|Any CPU.ActiveCfg = Debug|Any CPU
		{DF6816B4-8D69-40C0-9F58-493B72BD971B}.Debug|Any CPU.Build.0 = Debug|Any CPU
		{DF6816B4-8D69-40C0-9F58-493B72BD971B}.Release|Any CPU.ActiveCfg = Release|Any CPU
		{DF6816B4-8D69-40C0-9F58-493B72BD971B}.Release|Any CPU.Build.0 = Release|Any CPU
	EndGlobalSection
	GlobalSection(SolutionProperties) = preSolution
		HideSolutionNode = FALSE
	EndGlobalSection
	GlobalSection(ExtensibilityGlobals) = postSolution
		SolutionGuid = {3C4BDCF8-F0CC-4A71-94CA-D8D4B9D18278}
	EndGlobalSection
EndGlobal
